{
    "_meta": {
        "hash": {
            "sha256": "92bc502768f92f3e9de728a1cc71904998afa48289cfbc59dfe5f8e8f88903a8"
        },
        "pipfile-spec": 6,
        "requires": {
            "python_version": "3.13"
        },
        "sources": [
            {
                "name": "pypi",
                "url": "https://pypi.org/simple",
                "verify_ssl": true
            }
        ]
    },
    "default": {
        "afdko": {
            "hashes": [
                "sha256:216dfa168cedc4356d7596941dc24a9687016a1e6d72c8ffc0d7327e3f1c4693",
                "sha256:8367901a8245e8a3317681378ed55c6a443e2ce550c9fe50ac26080585cc4b6b",
                "sha256:e1a31e871e83dd022635b852297c433c8e9c9d9d4f0c0f634e8d55dde28ad930",
                "sha256:f05738d8aa849e49600906908e4c13360282761f3e126ce08984cd228df0b6a9",
                "sha256:f7efcba7ea9f2bbced5e26e89f0880574e6c7d646962e9caea83ec9ab30f9b58"
            ],
            "index": "pypi",
            "markers": "python_version >= '3.9'",
            "version": "==4.0.2"
        },
        "booleanoperations": {
            "hashes": [
                "sha256:86c291c2fba9faedff6f007c932d7f242dd9b4304e9c6ca8149f864d07877a59",
                "sha256:8cfa821c32ad374fa120d6b2e0b444ebeac57c91e6631528645fa19ac2a281b8"
            ],
            "markers": "python_version >= '3.6'",
            "version": "==0.9.0"
        },
        "brotli": {
            "hashes": [
                "sha256:022426c9e99fd65d9475dce5c195526f04bb8be8907607e27e747893f6ee3e24",
                "sha256:072e7624b1fc4d601036ab3f4f27942ef772887e876beff0301d261210bca97f",
                "sha256:09ac247501d1909e9ee47d309be760c89c990defbb2e0240845c892ea5ff0de4",
                "sha256:0bbd5b5ccd157ae7913750476d48099aaf507a79841c0d04a9db4415b14842de",
                "sha256:0cf8c3b8ba93d496b2fae778039e2f5ecc7cff99df84df337ca31d8f2252896c",
                "sha256:14ef29fc5f310d34fc7696426071067462c9292ed98b5ff5a27ac70a200e5470",
                "sha256:15b33fe93cedc4caaff8a0bd1eb7e3dab1c61bb22a0bf5bdfdfd97cd7da79744",
                "sha256:1b1d6a4efedd53671c793be6dd760fcf2107da3a52331ad9ea429edf0902f27a",
                "sha256:1b557b29782a643420e08d75aea889462a4a8796e9a6cf5621ab05a3f7da8ef2",
                "sha256:1b71754d5b6eda54d16fbbed7fce2d8bc6c052a1b91a35c320247946ee103502",
                "sha256:1ce223652fd4ed3eb2b7f78fbea31c52314baecfac68db44037bb4167062a937",
                "sha256:1e68cdf321ad05797ee41d1d09169e09d40fdf51a725bb148bff892ce04583d7",
                "sha256:260d3692396e1895c5034f204f0db022c056f9e2ac841593a4cf9426e2a3faca",
                "sha256:26e8d3ecb0ee458a9804f47f21b74845cc823fd1bb19f02272be70774f56e2a6",
                "sha256:2881416badd2a88a7a14d981c103a52a23a276a553a8aacc1346c2ff47c8dc17",
                "sha256:29b7e6716ee4ea0c59e3b241f682204105f7da084d6254ec61886508efeb43bc",
                "sha256:2a7f1d03727130fc875448b65b127a9ec5d06d19d0148e7554384229706f9d1b",
                "sha256:2d39b54b968f4b49b5e845758e202b1035f948b0561ff5e6385e855c96625971",
                "sha256:2e1ad3fda65ae0d93fec742a128d72e145c9c7a99ee2fcd667785d99eb25a7fe",
                "sha256:3173e1e57cebb6d1de186e46b5680afbd82fd4301d7b2465beebe83ed317066d",
                "sha256:3219bd9e69868e57183316ee19c84e03e8f8b5a1d1f2667e1aa8c2f91cb061ac",
                "sha256:350c8348f0e76fff0a0fd6c26755d2653863279d086d3aa2c290a6a7251135dd",
                "sha256:35d382625778834a7f3061b15423919aa03e4f5da34ac8e02c074e4b75ab4f84",
                "sha256:3b90b767916ac44e93a8e28ce6adf8d551e43affb512f2377c732d486ac6514e",
                "sha256:3e1b35d56856f3ed326b140d3c6d9db91740f22e14b06e840fe4bb1923439a18",
                "sha256:3ebe801e0f4e56d17cd386ca6600573e3706ce1845376307f5d2cbd32149b69a",
                "sha256:3f3c908bcc404c90c77d5a073e55271a0a498f4e0756e48127c35d91cf155947",
                "sha256:40d918bce2b427a0c4ba189df7a006ac0c7277c180aee4617d99e9ccaaf59e6a",
                "sha256:465a0d012b3d3e4f1d6146ea019b5c11e3e87f03d1676da1cc3833462e672fb0",
                "sha256:4735a10f738cb5516905a121f32b24ce196ab82cfc1e4ba2e3ad1b371085fd46",
                "sha256:4ecdb3b6dc36e6d6e14d3a1bdc6c1057c8cbf80db04031d566eb6080ce283a48",
                "sha256:50b1b799f45da91292ffaa21a473ab3a3054fa78560e8ff67082a185274431c8",
                "sha256:54a50a9dad16b32136b2241ddea9e4df159b41247b2ce6aac0b3276a66a8f1e5",
                "sha256:5732eff8973dd995549a18ecbd8acd692ac611c5c0bb3f59fa3541ae27b33be3",
                "sha256:598e88c736f63a0efec8363f9eb34e5b5536b7b6b1821e401afcb501d881f59a",
                "sha256:640fe199048f24c474ec6f3eae67c48d286de12911110437a36a87d7c89573a6",
                "sha256:66c02c187ad250513c2f4fce973ef402d22f80e0adce734ee4e4efd657b6cb64",
                "sha256:67a91c5187e1eec76a61625c77a6c8c785650f5b576ca732bd33ef58b0dff49c",
                "sha256:6be67c19e0b0c56365c6a76e393b932fb0e78b3b56b711d180dd7013cb1fd984",
                "sha256:6c12dad5cd04530323e723787ff762bac749a7b256a5bece32b2243dd5c27b21",
                "sha256:71a66c1c9be66595d628467401d5976158c97888c2c9379c034e1e2312c5b4f5",
                "sha256:7274942e69b17f9cef76691bcf38f2b2d4c8a5f5dba6ec10958363dcb3308a0a",
                "sha256:7547369c4392b47d30a3467fe8c3330b4f2e0f7730e45e3103d7d636678a808b",
                "sha256:7a47ce5c2288702e09dc22a44d0ee6152f2c7eda97b3c8482d826a1f3cfc7da7",
                "sha256:7a61c06b334bd99bc5ae84f1eeb36bfe01400264b3c352f968c6e30a10f9d08b",
                "sha256:7ad8cec81f34edf44a1c6a7edf28e7b7806dfb8886e371d95dcf789ccd4e4982",
                "sha256:7e9053f5fb4e0dfab89243079b3e217f2aea4085e4d58c5c06115fc34823707f",
                "sha256:7fa18d65a213abcfbb2f6cafbb4c58863a8bd6f2103d65203c520ac117d1944b",
                "sha256:81da1b229b1889f25adadc929aeb9dbc4e922bd18561b65b08dd9343cfccca84",
                "sha256:82676c2781ecf0ab23833796062786db04648b7aae8be139f6b8065e5e7b1518",
                "sha256:832c115a020e463c2f67664560449a7bea26b0c1fdd690352addad6d0a08714d",
                "sha256:844a8ceb8483fefafc412f85c14f2aae2fb69567bf2a0de53cdb88b73e7c43ae",
                "sha256:865cedc7c7c303df5fad14a57bc5db1d4f4f9b2b4d0a7523ddd206f00c121a16",
                "sha256:88ef7d55b7bcf3331572634c3fd0ed327d237ceb9be6066810d39020a3ebac7a",
                "sha256:898be2be399c221d2671d29eed26b6b2713a02c2119168ed914e7d00ceadb56f",
                "sha256:8d4f47f284bdd28629481c97b5f29ad67544fa258d9091a6ed1fda47c7347cd1",
                "sha256:92edab1e2fd6cd5ca605f57d4545b6599ced5dea0fd90b2bcdf8b247a12bd190",
                "sha256:9322b9f8656782414b37e6af884146869d46ab85158201d82bab9abbcb971dc7",
                "sha256:95db242754c21a88a79e01504912e537808504465974ebb92931cfca2510469e",
                "sha256:963a08f3bebd8b75ac57661045402da15991468a621f014be54e50f53a58d19e",
                "sha256:96fbe82a58cdb2f872fa5d87dedc8477a12993626c446de794ea025bbda625ea",
                "sha256:99cfa69813d79492f0e5d52a20fd18395bc82e671d5d40bd5a91d13e75e468e8",
                "sha256:9c79f57faa25d97900bfb119480806d783fba83cd09ee0b33c17623935b05fa3",
                "sha256:9e5825ba2c9998375530504578fd4d5d1059d09621a02065d1b6bfc41a8e05ab",
                "sha256:9fe11467c42c133f38d42289d0861b6b4f9da31e8087ca2c0d7ebb4543625526",
                "sha256:a1778532b978d2536e79c05dac2d8cd857f6c55cd0c95ace5b03740824e0e2f1",
                "sha256:a387225a67f619bf16bd504c37655930f910eb03675730fc2ad69d3d8b5e7e92",
                "sha256:a56ef534b66a749759ebd091c19c03ef81eb8cd96f0d1d16b59127eaf1b97a12",
                "sha256:aa47441fa3026543513139cb8926a92a8e305ee9c71a6209ef7a97d91640ea03",
                "sha256:ac27a70bda257ae3f380ec8310b0a06680236bea547756c277b5dfe55a2452a8",
                "sha256:acec55bb7c90f1dfc476126f9711a8e81c9af7fb617409a9ee2953115343f08d",
                "sha256:adedc4a67e15327dfdd04884873c6d5a01d3e3b6f61406f99b1ed4865a2f6d28",
                "sha256:af43b8711a8264bb4e7d6d9a6d004c3a2019c04c01127a868709ec29962b6036",
                "sha256:b232029d100d393ae3c603c8ffd7e3fe6f798c5e28ddca5feabb8e8fdb732997",
                "sha256:b35c13ce241abdd44cb8ca70683f20c0c079728a36a996297adb5334adfc1c44",
                "sha256:b63daa43d82f0cdabf98dee215b375b4058cce72871fd07934f179885aad16e8",
                "sha256:b908d1a7b28bc72dfb743be0d4d3f8931f8309f810af66c906ae6cd4127c93cb",
                "sha256:ba76177fd318ab7b3b9bf6522be5e84c2ae798754b6cc028665490f6e66b5533",
                "sha256:bba6e7e6cfe1e6cb6eb0b7c2736a6059461de1fa2c0ad26cf845de6c078d16c8",
                "sha256:c0d6770111d1879881432f81c369de5cde6e9467be7c682a983747ec800544e2",
                "sha256:c16ab1ef7bb55651f5836e8e62db1f711d55b82ea08c3b8083ff037157171a69",
                "sha256:c1702888c9f3383cc2f09eb3e88b8babf5965a54afb79649458ec7c3c7a63e96",
                "sha256:c25332657dee6052ca470626f18349fc1fe8855a56218e19bd7a8c6ad4952c49",
                "sha256:c8565e3cdc1808b1a34714b553b262c5de5fbda202285782173ec137fd13709f",
                "sha256:cf9cba6f5b78a2071ec6fb1e7bd39acf35071d90a81231d67e92d637776a6a63",
                "sha256:d206a36b4140fbb5373bf1eb73fb9de589bb06afd0d22376de23c5e91d0ab35f",
                "sha256:d2d085ded05278d1c7f65560aae97b3160aeb2ea2c0b3e26204856beccb60888",
                "sha256:d8c05b1dfb61af28ef37624385b0029df902ca896a639881f594060b30ffc9a7",
                "sha256:e310f77e41941c13340a95976fe66a8a95b01e783d430eeaf7a2f87e0a57dd0a",
                "sha256:e7c0af964e0b4e3412a0ebf341ea26ec767fa0b4cf81abb5e897c9338b5ad6a3",
                "sha256:e80a28f2b150774844c8b454dd288be90d76ba6109670fe33d7ff54d96eb5cb8",
                "sha256:e813da3d2d865e9793ef681d3a6b66fa4b7c19244a45b817d0cceda67e615990",
                "sha256:e85190da223337a6b7431d92c799fca3e2982abd44e7b8dec69938dcc81c8e9e",
                "sha256:e99befa0b48f3cd293dafeacdd0d191804d105d279e0b387a32054c1180f3161",
                "sha256:eda5a6d042c698e28bda2507a89b16555b9aa954ef1d750e1c20473481aff675",
                "sha256:ef87b8ab2704da227e83a246356a2b179ef826f550f794b2c52cddb4efbd0196",
                "sha256:f16dace5e4d3596eaeb8af334b4d2c820d34b8278da633ce4a00020b2eac981c",
                "sha256:f8d635cafbbb0c61327f942df2e3f474dde1cff16c3cd0580564774eaba1ee13",
                "sha256:fc1530af5c3c275b8524f2e24841cbe2599d74462455e9bae5109e9ff42e9361",
                "sha256:ff09cd8c5eec3b9d02d2408db41be150d8891c5566addce57513bf546e3d6c6d"
            ],
            "version": "==1.2.0"
        },
        "colorama": {
            "hashes": [
                "sha256:08695f5cb7ed6e0531a20572697297273c47b8cae5a63ffc6d6ed5c201be6e44",
                "sha256:4f1d9991f5acc0ca119f9d443620b77f9d6b33703e51011c16baf57afb285fc6"
            ],
            "markers": "python_version >= '2.7' and python_version not in '3.0, 3.1, 3.2, 3.3, 3.4, 3.5, 3.6'",
            "version": "==0.4.6"
        },
        "defcon": {
            "extras": [
                "lxml",
                "pens"
            ],
            "hashes": [
                "sha256:25dfe7fd0152ccf292cb190d1928a47d588899c20b046854293e039e1c93e5e0",
                "sha256:acba4a8ab218b3ea8d4f97b46abd06f0e2a5b3c845e3a8469a5afe969dd654c1"
            ],
            "markers": "python_version >= '3.9'",
            "version": "==0.12.2"
        },
        "fontmath": {
            "hashes": [
                "sha256:1fd9190c9d784e1305c3c49771b91d910f246a4b7c44ede219c99a07ed7aeda4",
                "sha256:ccb7a55709530520f112ebfbf5f5aa6be8c63e5baecab7a26c18a146e000a498"
            ],
            "markers": "python_version >= '3.7'",
            "version": "==0.9.4"
        },
        "fontparts": {
            "hashes": [
                "sha256:47177e49d15c3bd13dbc21247e812e1e1428853d16126a6e5453c3729272be35",
                "sha256:6cce70f9a9eeb908011802ad4f2537bf4b2d3cc326358b94d8afd4957416807a"
            ],
            "markers": "python_version >= '3.8'",
            "version": "==0.13.3"
        },
        "fontpens": {
            "hashes": [
                "sha256:a6d9a14573b3450f3313d69523f9006028c21fc7aef5d35333b87aab7f2b41fd",
                "sha256:cdef727e49b54ac6228f8fa087ee539258f7b0a6f0accb63cbf31d4bfc437ce7"
            ],
            "version": "==0.2.4"
        },
        "fonttools": {
            "extras": [
                "lxml",
                "ufo",
                "unicode",
                "woff"
            ],
            "hashes": [
                "sha256:022beaea4b73a70295b688f817ddc24ed3e3418b5036ffcd5658141184ef0d0c",
                "sha256:026290e4ec76583881763fac284aca67365e0be9f13a7fb137257096114cb3bc",
                "sha256:0b0835ed15dd5b40d726bb61c846a688f5b4ce2208ec68779bc81860adb5851a",
                "sha256:0eae96373e4b7c9e45d099d7a523444e3554360927225c1cdae221a58a45b856",
                "sha256:122e1a8ada290423c493491d002f622b1992b1ab0b488c68e31c413390dc7eb2",
                "sha256:1410155d0e764a4615774e5c2c6fc516259fe3eca5882f034eb9bfdbee056259",
                "sha256:145daa14bf24824b677b9357c5e44fd8895c2a8f53596e1b9ea3496081dc692c",
                "sha256:1525796c3ffe27bb6268ed2a1bb0dcf214d561dfaf04728abf01489eb5339dce",
                "sha256:154cb6ee417e417bf5f7c42fe25858c9140c26f647c7347c06f0cc2d47eff003",
                "sha256:2299df884c11162617a66b7c316957d74a18e3758c0274762d2cc87df7bc0272",
                "sha256:2409d5fb7b55fd70f715e6d34e7a6e4f7511b8ad29a49d6df225ee76da76dd77",
                "sha256:268ecda8ca6cb5c4f044b1fb9b3b376e8cd1b361cef275082429dc4174907038",
                "sha256:282dafa55f9659e8999110bd8ed422ebe1c8aecd0dc396550b038e6c9a08b8ea",
                "sha256:2ee06fc57512144d8b0445194c2da9f190f61ad51e230f14836286470c99f854",
                "sha256:3630e86c484263eaac71d117085d509cbcf7b18f677906824e4bace598fb70d2",
                "sha256:398447f3d8c0c786cbf1209711e79080a40761eb44b27cdafffb48f52bcec258",
                "sha256:4ba4bd646e86de16160f0fb72e31c3b9b7d0721c3e5b26b9fa2fc931dfdb2652",
                "sha256:5664fd1a9ea7f244487ac8f10340c4e37664675e8667d6fee420766e0fb3cf08",
                "sha256:583b7f8e3c49486e4d489ad1deacfb8d5be54a8ef34d6df824f6a171f8511d99",
                "sha256:596ecaca36367027d525b3b426d8a8208169d09edcf8c7506aceb3a38bfb55c7",
                "sha256:5c1015318e4fec75dd4943ad5f6a206d9727adf97410d58b7e32ab644a807914",
                "sha256:66929e2ea2810c6533a5184f938502cfdaea4bc3efb7130d8cc02e1c1b4108d6",
                "sha256:6ec722ee589e89a89f5b7574f5c45604030aa6ae24cb2c751e2707193b466fed",
                "sha256:6f68576bb4bbf6060c7ab047b1574a1ebe5c50a17de62830079967b211059ebb",
                "sha256:7473a8ed9ed09aeaa191301244a5a9dbe46fe0bf54f9d6cd21d83044c3321217",
                "sha256:7b0c6d57ab00dae9529f3faf187f2254ea0aa1e04215cf2f1a8ec277c96661bc",
                "sha256:7b4c32e232a71f63a5d00259ca3d88345ce2a43295bb049d21061f338124246f",
                "sha256:8177ec9676ea6e1793c8a084a90b65a9f778771998eb919d05db6d4b1c0b114c",
                "sha256:839565cbf14645952d933853e8ade66a463684ed6ed6c9345d0faf1f0e868877",
                "sha256:875cb7764708b3132637f6c5fb385b16eeba0f7ac9fa45a69d35e09b47045801",
                "sha256:8a44788d9d91df72d1a5eac49b31aeb887a5f4aab761b4cffc4196c74907ea85",
                "sha256:8b4eb332f9501cb1cd3d4d099374a1e1306783ff95489a1026bde9eb02ccc34a",
                "sha256:906306ac7afe2156fcf0042173d6ebbb05416af70f6b370967b47f8f00103bbb",
                "sha256:992775c9fbe2cf794786fa0ffca7f09f564ba3499b8fe9f2f80bd7197db60383",
                "sha256:996a4d1834524adbb423385d5a629b868ef9d774670856c63c9a0408a3063401",
                "sha256:9a52f254ce051e196b8fe2af4634c2d2f02c981756c6464dc192f1b6050b4e28",
                "sha256:9d0ced62b59e0430b3690dbc5373df1c2aa7585e9a8ce38eff87f0fd993c5b01",
                "sha256:a140761c4ff63d0cb9256ac752f230460ee225ccef4ad8f68affc723c88e2036",
                "sha256:a184b2ea57b13680ab6d5fbde99ccef152c95c06746cb7718c583abd8f945ccc",
                "sha256:a3db56f153bd4c5c2b619ab02c5db5192e222150ce5a1bc10f16164714bc39ac",
                "sha256:a46b2f450bc79e06ef3b6394f0c68660529ed51692606ad7f953fc2e448bc903",
                "sha256:a884aef09d45ba1206712c7dbda5829562d3fea7726935d3289d343232ecb0d3",
                "sha256:b2cf105cee600d2de04ca3cfa1f74f1127f8455b71dbad02b9da6ec266e116d6",
                "sha256:b33a7884fabd72bdf5f910d0cf46be50dce86a0362a65cfc746a4168c67eb96c",
                "sha256:b42d86938e8dda1cd9a1a87a6d82f1818eaf933348429653559a458d027446da",
                "sha256:b6379e7546ba4ae4b18f8ae2b9bc5960936007a1c0e30b342f662577e8bc3299",
                "sha256:c7420a2696a44650120cdd269a5d2e56a477e2bfa9d95e86229059beb1c19e15",
                "sha256:c8651e0d4b3bdeda6602b85fdc2abbefc1b41e573ecb37b6779c4ca50753a199",
                "sha256:d066ea419f719ed87bc2c99a4a4bfd77c2e5949cb724588b9dd58f3fd90b92bf",
                "sha256:e6c58beb17380f7c2ea181ea11e7db8c0ceb474c9dd45f48e71e2cb577d146a1",
                "sha256:e852d9dda9f93ad3651ae1e3bb770eac544ec93c3807888798eccddf84596537",
                "sha256:ec3681a0cb34c255d76dd9d865a55f260164adb9fa02628415cdc2d43ee2c05d",
                "sha256:ee0c0b3b35b34f782afc673d503167157094a16f442ace7c6c5e0ca80b08f50c",
                "sha256:eedacb5c5d22b7097482fa834bda0dafa3d914a4e829ec83cdea2a01f8c813c4",
                "sha256:ef00af0439ebfee806b25f24c8f92109157ff3fac5731dc7867957812e87b8d9",
                "sha256:f0e8817c7d1a0c2eedebf57ef9a9896f3ea23324769a9a2061a80fe8852705ed",
                "sha256:f3d5be054c461d6a2268831f04091dc82753176f6ea06dc6047a5e168265a987",
                "sha256:f4b5c37a5f40e4d733d3bbaaef082149bee5a5ea3156a785ff64d949bd1353fa"
            ],
            "index": "pypi",
            "markers": "python_version >= '3.9'",
            "version": "==4.60.1"
        },
        "lxml": {
            "hashes": [
                "sha256:058027e261afed589eddcfe530fcc6f3402d7fd7e89bfd0532df82ebc1563dba",
                "sha256:063eccf89df5b24e361b123e257e437f9e9878f425ee9aae3144c77faf6da6d8",
                "sha256:064fdadaf7a21af3ed1dcaa106b854077fbeada827c18f72aec9346847cd65d0",
                "sha256:08b9d5e803c2e4725ae9e8559ee880e5328ed61aa0935244e0515d7d9dbec0aa",
                "sha256:0a3c150a95fbe5ac91de323aa756219ef9cf7fde5a3f00e2281e30f33fa5fa4f",
                "sha256:0aa7070978f893954008ab73bb9e3c24a7c56c054e00566a21b553dc18105fca",
                "sha256:13dcecc9946dca97b11b7c40d29fba63b55ab4170d3c0cf8c0c164343b9bfdcf",
                "sha256:13e35cbc684aadf05d8711a5d1b5857c92e5e580efa9a0d2be197199c8def607",
                "sha256:17f68764f35fd78d7c4cc4ef209a184c38b65440378013d24b8aecd327c3e0c8",
                "sha256:1941354d92699fb5ffe6ed7b32f9649e43c2feb4b97205f75866f7d21aa91452",
                "sha256:1c06035eafa8404b5cf475bb37a9f6088b0aca288d4ccc9d69389750d5543700",
                "sha256:1db01e5cf14345628e0cbe71067204db658e2fb8e51e7f33631f5f4735fefd8d",
                "sha256:1e786a464c191ca43b133906c6903a7e4d56bef376b75d97ccbb8ec5cf1f0a4b",
                "sha256:1ea99340b3c729beea786f78c38f60f4795622f36e305d9c9be402201efdc3b7",
                "sha256:200069a593c5e40b8f6fc0d84d86d970ba43138c3e68619ffa234bc9bb806a4d",
                "sha256:2047d8234fe735ab77802ce5f2297e410ff40f5238aec569ad7c8e163d7b19a6",
                "sha256:21c73b476d3cfe836be731225ec3421fa2f048d84f6df6a8e70433dff1376d5a",
                "sha256:24a8e756c982c001ca8d59e87c80c4d9dcd4d9b44a4cbeb8d9be4482c514d41d",
                "sha256:252a22982dca42f6155125ac76d3432e548a7625d56f5a273ee78a5057216eca",
                "sha256:2593c77efde7bfea7f6389f1ab249b15ed4aa5bc5cb5131faa3b843c429fbedb",
                "sha256:25fcc59afc57d527cfc78a58f40ab4c9b8fd096a9a3f964d2781ffb6eb33f4ed",
                "sha256:2613e67de13d619fd283d58bda40bff0ee07739f624ffee8b13b631abf33083d",
                "sha256:27220da5be049e936c3aca06f174e8827ca6445a4353a1995584311487fc4e3e",
                "sha256:2c8458c2cdd29589a8367c09c8f030f1d202be673f0ca224ec18590b3b9fb694",
                "sha256:2ca59e7e13e5981175b8b3e4ab84d7da57993eeff53c07764dcebda0d0e64ecd",
                "sha256:2cbcbf6d6e924c28f04a43f3b6f6e272312a090f269eff68a2982e13e5d57659",
                "sha256:2ed6c667fcbb8c19c6791bbf40b7268ef8ddf5a96940ba9404b9f9a304832f6c",
                "sha256:358d9adae670b63e95bc59747c72f4dc97c9ec58881d4627fe0120da0f90d314",
                "sha256:370cd78d5855cfbffd57c422851f7d3864e6ae72d0da615fca4dad8c45d375a5",
                "sha256:3ae2ce7d6fedfb3414a2b6c5e20b249c4c607f72cb8d2bb7cc9c6ec7c6f4e849",
                "sha256:3b1675e096e17c6fe9c0e8c81434f5736c0739ff9ac6123c87c2d452f48fc938",
                "sha256:3e3cb08855967a20f553ff32d147e14329b3ae70ced6edc2f282b94afbc74b2a",
                "sha256:3efe1b21c7801ffa29a1112fab3b0f643628c30472d507f39544fd48e9549e34",
                "sha256:3fee0851639d06276e6b387f1c190eb9d7f06f7f53514e966b26bae46481ec90",
                "sha256:4077b7c79f31755df33b795dc12119cb557a0106bfdab0d2c2d97bd3cf3dffa6",
                "sha256:414aaa94e974e23a3e92e7ca5b97d10c0cf37b6481f50911032c69eeb3991bba",
                "sha256:4197fb2534ee05fd3e7afaab5d8bfd6c2e186f65ea7f9cd6a82809c887bd1285",
                "sha256:442de7530296ef5e188373a1ea5789a46ce90c4847e597856570439621d9c553",
                "sha256:4468e3b83e10e0317a89a33d28f7aeba1caa4d1a6fd457d115dd4ffe90c5931d",
                "sha256:452b899faa64f1805943ec1c0c9ebeaece01a1af83e130b69cdefeda180bb42c",
                "sha256:45f93e6f75123f88d7f0cfd90f2d05f441b808562bf0bc01070a00f53f5028b5",
                "sha256:48461bd21625458dd01e14e2c38dd0aea69addc3c4f960c30d9f59d7f93be601",
                "sha256:4ddb1049fa0579d0cbd00503ad8c58b9ab34d1254c77bc6a5576d96ec7853dba",
                "sha256:5179c60288204e6ddde3f774a93350177e08876eaf3ab78aa3a3649d43eb7d37",
                "sha256:57a86e1ebb4020a38d295c04fc79603c7899e0df71588043eb218722dabc087f",
                "sha256:5921d924aa5468c939d95c9814fa9f9b5935a6ff4e679e26aaf2951f74043512",
                "sha256:59c45e125140b2c4b33920d21d83681940ca29f0b83f8629ea1a2196dc8cfe6a",
                "sha256:5aa0fc67ae19d7a64c3fe725dc9a1bb11f80e01f78289d05c6f62545affec438",
                "sha256:5d444858b9f07cefff6455b983aea9a67f7462ba1f6cbe4a21e8bf6791bf2153",
                "sha256:60fa43be34f78bebb27812ed90f1925ec99560b0fa1decdb7d12b84d857d31e9",
                "sha256:6162a86d86893d63084faaf4ff937b3daea233e3682fb4474db07395794fa80d",
                "sha256:61cb10eeb95570153e0c0e554f58df92ecf5109f75eacad4a95baa709e26c3d6",
                "sha256:65ac4a01aba353cfa6d5725b95d7aed6356ddc0a3cd734de00124d285b04b64f",
                "sha256:65ea18d710fd14e0186c2f973dc60bb52039a275f82d3c44a0e42b43440ea534",
                "sha256:6605c604e6daa9e0d7f0a2137bdc47a2e93b59c60a65466353e37f8272f47c46",
                "sha256:66328dabea70b5ba7e53d94aa774b733cf66686535f3bc9250a7aab53a91caaf",
                "sha256:6c8963287d7a4c5c9a432ff487c52e9c5618667179c18a204bdedb27310f022f",
                "sha256:6cdaefac66e8b8f30e37a9b4768a391e1f8a16a7526d5bc77a7928408ef68e93",
                "sha256:6da5185951d72e6f5352166e3da7b0dc27aa70bd1090b0eb3f7f7212b53f1bb8",
                "sha256:6ddff43f702905a4e32bc24f3f2e2edfe0f8fde3277d481bffb709a4cced7a1f",
                "sha256:6ec0e3f745021bfed19c456647f0298d60a24c9ff86d9d051f52b509663feeb1",
                "sha256:6f91fd2b2ea15a6800c8e24418c0775a1694eefc011392da73bc6cef2623b322",
                "sha256:700efd30c0fa1a3581d80a748157397559396090a51d306ea59a70020223d16f",
                "sha256:71695772df6acea9f3c0e59e44ba8ac50c4f125217e84aab21074a1a55e7e5c9",
                "sha256:72c87e5ee4e58a8354fb9c7c84cbf95a1c8236c127a5d1b7683f04bed8361e1f",
                "sha256:7d2de809c2ee3b888b59f995625385f74629707c9355e0ff856445cdcae682b7",
                "sha256:80dadc234ebc532e09be1975ff538d154a7fa61ea5031c03d25178855544728f",
                "sha256:817ef43a0c0b4a77bd166dc9a09a555394105ff3374777ad41f453526e37f9cb",
                "sha256:846ae9a12d54e368933b9759052d6206a9e8b250291109c48e350c1f1f49d916",
                "sha256:875c6b5ab39ad5291588aed6925fac99d0097af0dd62f33c7b43736043d4a2ec",
                "sha256:8799481bbdd212470d17513a54d568f44416db01250f49449647b5ab5b5dccb9",
                "sha256:8ac6e5811ae2870953390452e3476694196f98d447573234592d30488147404d",
                "sha256:8f8d0cbd0674ee89863a523e6994ac25fd5be9c8486acfc3e5ccea679bad2679",
                "sha256:901e3b4219fa04ef766885fb40fa516a71662a4c61b80c94d25336b4934b71c0",
                "sha256:90a345bbeaf9d0587a3aaffb7006aa39ccb6ff0e96a57286c0cb2fd1520ea192",
                "sha256:9261bb77c2dab42f3ecd9103951aeca2c40277701eb7e912c545c1b16e0e4917",
                "sha256:945da35a48d193d27c188037a05fec5492937f66fb1958c24fc761fb9d40d43c",
                "sha256:957448ac63a42e2e49531b9d6c0fa449a1970dbc32467aaad46f11545be9af1d",
                "sha256:967aab75434de148ec80597b75062d8123cadf2943fb4281f385141e18b21338",
                "sha256:98a5e1660dc7de2200b00d53fa00bcd3c35a3608c305d45a7bbcaf29fa16e83d",
                "sha256:995e783eb0374c120f528f807443ad5a83a656a8624c467ea73781fc5f8a8304",
                "sha256:9b33d21594afab46f37ae58dfadd06636f154923c4e8a4d754b0127554eb2e77",
                "sha256:a4bf42d2e4cf52c28cc1812d62426b9503cdb0c87a6de81442626aa7d69707ba",
                "sha256:a59f5448ba2ceccd06995c95ea59a7674a10de0810f2ce90c9006f3cbc044456",
                "sha256:a656ca105115f6b766bba324f23a67914d9c728dafec57638e2b92a9dcd76c62",
                "sha256:a6b5b39cc7e2998f968f05309e666103b53e2edd01df8dc51b90d734c0825444",
                "sha256:a7c5d5e5f1081955358533be077166ee97ed2571d6a66bdba6ec2f609a715d1a",
                "sha256:a8bef9b9825fa8bc816a6e641bb67219489229ebc648be422af695f6e7a4fa7f",
                "sha256:a8ffaeec5dfea5881d4c9d8913a32d10cfe3923495386106e4a24d45300ef79c",
                "sha256:abd44571493973bad4598a3be7e1d807ed45aa2adaf7ab92ab7c62609569b17d",
                "sha256:ac02dc29fd397608f8eb15ac1610ae2f2f0154b03f631e6d724d9e2ad4ee2c84",
                "sha256:af85529ae8d2a453feee4c780d9406a5e3b17cee0dd75c18bd31adcd584debc3",
                "sha256:b0c732aa23de8f8aec23f4b580d1e52905ef468afb4abeafd3fec77042abb6fe",
                "sha256:b2142a376b40b6736dfc214fd2902409e9e3857eff554fed2d3c60f097e62a62",
                "sha256:b22a07cbb82fea98f8a2fd814f3d1811ff9ed76d0fc6abc84eb21527596e7cc8",
                "sha256:b2c3da8d93cf5db60e8858c17684c47d01fee6405e554fb55018dd85fc23b178",
                "sha256:b2c7fdaa4d7c3d886a42534adec7cfac73860b89b4e5298752f60aa5984641a0",
                "sha256:b30d46379644fbfc3ab81f8f82ae4de55179414651f110a1514f0b1f8f6cb2d7",
                "sha256:b42f4d86b451c2f9d06ffb4f8bbc776e04df3ba070b9fe2657804b1b40277c48",
                "sha256:b738f7e648735714bbb82bdfd030203360cfeab7f6e8a34772b3c8c8b820568c",
                "sha256:b7fc49c37f1786284b12af63152fe1d0990722497e2d5817acfe7a877522f9a9",
                "sha256:b8f18914faec94132e5b91e69d76a5c1d7b0c73e2489ea8929c4aaa10b76bbf7",
                "sha256:bb2f6ca0ae2d983ded09357b84af659c954722bbf04dea98030064996d156048",
                "sha256:bb4c1847b303835d89d785a18801a883436cdfd5dc3d62947f9c49e24f0f5a2c",
                "sha256:bc456d04db0515ce3320d714a1eac7a97774ff0849e7718b492d957da4631dd4",
                "sha256:bc532422ff26b304cfb62b328826bd995c96154ffd2bac4544f37dbb95ecaa8f",
                "sha256:be3aaa60da67e6153eb15715cc2e19091af5dc75faef8b8a585aea372507384b",
                "sha256:c33e66d44fe60e72397b487ee92e01da0d09ba2d66df8eae42d77b6d06e5eba0",
                "sha256:c371aa98126a0d4c739ca93ceffa0fd7a5d732e3ac66a46e74339acd4d334564",
                "sha256:c54d83a2188a10ebdba573f16bd97135d06c9ef60c3dc495315c7a28c80a263f",
                "sha256:c7d13103045de1bdd6fe5d61802565f1a3537d70cd3abf596aa0af62761921ee",
                "sha256:cb233f9c95f83707dae461b12b720c1af9c28c2d19208e1be03387222151daf5",
                "sha256:cd79f3367bd74b317dda655dc8fcfa304d9eb6e4fb06b7168c5cf27f96e0cd62",
                "sha256:cdcbed9ad19da81c480dfd6dd161886db6096083c9938ead313d94b30aadf272",
                "sha256:d100fcc8930d697c6561156c6810ab4a508fb264c8b6779e6e61e2ed5e7558f9",
                "sha256:d4aec24d6b72ee457ec665344a29acb2d35937d5192faebe429ea02633151aad",
                "sha256:d6690ec5ec1cce0385cb20896b16be35247ac8c2046e493d03232f1c2414d321",
                "sha256:d759cdd7f3e055d6bc8d9bec3ad905227b2e4c785dc16c372eb5b5e83123f48a",
                "sha256:da08e7bb297b04e893d91087df19638dc7a6bb858a954b0cc2b9f5053c922312",
                "sha256:dacf3c64ef3f7440e3167aa4b49aa9e0fb99e0aa4f9ff03795640bf94531bcb0",
                "sha256:daf42de090d59db025af61ce6bdb2521f0f102ea0e6ea310f13c17610a97da4c",
                "sha256:dc051506c30b609238d79eda75ee9cab3e520570ec8219844a72a46020901e37",
                "sha256:de496365750cc472b4e7902a485d3f152ecf57bd3ba03ddd5578ed8ceb4c5964",
                "sha256:dfb874cfa53340009af6bdd7e54ebc0d21012a60a4e65d927c2e477112e63484",
                "sha256:e19e0643cc936a22e837f79d01a550678da8377d7d801a14487c10c34ee49c7e",
                "sha256:e237b807d68a61fc3b1e845407e27e5eb8ef69bc93fe8505337c1acb4ee300b6",
                "sha256:e5867f2651016a3afd8dd2c8238baa66f1e2802f44bc17e236f547ace6647078",
                "sha256:e748d4cf8fef2526bb2a589a417eba0c8674e29ffcb570ce2ceca44f1e567bf6",
                "sha256:e77dd455b9a16bbd2a5036a63ddbd479c19572af81b624e79ef422f929eef388",
                "sha256:e8113639f3296706fbac34a30813929e29247718e88173ad849f57ca59754924",
                "sha256:e8cd2415f372e7e5a789d743d133ae474290a90b9023197fd78f32e2dc6873e2",
                "sha256:eb2a12d704f180a902d7fa778c6d71f36ceb7b0d317f34cdc76a5d05aa1dd1df",
                "sha256:ef9266d2aa545d7374938fb5c484531ef5a2ec7f2d573e62f8ce722c735685fd",
                "sha256:f2a50c3c1d11cad0ebebbac357a97b26aa79d2bcaf46f256551152aa85d3a4d1",
                "sha256:f2e3b1a6bb38de0bc713edd4d612969dd250ca8b724be8d460001a387507021c",
                "sha256:f952dacaa552f3bb8834908dddd500ba7d508e6ea6eb8c52eb2d28f48ca06a31",
                "sha256:fa25afbadead523f7001caf0c2382afd272c315a033a7b06336da2637d92d6ed",
                "sha256:fb8dae0b6b8b7f9e96c26fdd8121522ce5de9bb5538010870bd538683d30e9a2",
                "sha256:fbc74f42c3525ac4ffa4b89cbdd00057b6196bcefe8bce794abd42d33a018092",
                "sha256:fe659f6b5d10fb5a17f00a50eb903eb277a71ee35df4615db573c069bcf967ac"
            ],
            "markers": "python_version >= '3.8'",
            "version": "==6.0.2"
        },
        "mutatormath": {
            "hashes": [
                "sha256:8127c1ffad1646f11a953752296c43f5d88cbd5293fff03f093d916b0bc13864",
                "sha256:949dc3c1ea71c3b8a88cdeec6b3224b039d9da3888af133eb7e09ce1d5b19821"
            ],
            "version": "==3.0.1"
        },
        "psutil": {
            "hashes": [
                "sha256:0005da714eee687b4b8decd3d6cc7c6db36215c9e74e5ad2264b90c3df7d92dc",
                "sha256:1068c303be3a72f8e18e412c5b2a8f6d31750fb152f9cb106b54090296c9d251",
                "sha256:18349c5c24b06ac5612c0428ec2a0331c26443d259e2a0144a9b24b4395b58fa",
                "sha256:19644c85dcb987e35eeeaefdc3915d059dac7bd1167cdcdbf27e0ce2df0c08c0",
                "sha256:2bdbcd0e58ca14996a42adf3621a6244f1bb2e2e528886959c72cf1e326677ab",
                "sha256:31d77fcedb7529f27bb3a0472bea9334349f9a04160e8e6e5020f22c59893264",
                "sha256:3792983e23b69843aea49c8f5b8f115572c5ab64c153bada5270086a2123c7e7",
                "sha256:3bb428f9f05c1225a558f53e30ccbad9930b11c3fc206836242de1091d3e7dd3",
                "sha256:56d974e02ca2c8eb4812c3f76c30e28836fffc311d55d979f1465c1feeb2b68b",
                "sha256:6c86281738d77335af7aec228328e944b30930899ea760ecf33a4dba66be5e74",
                "sha256:8f33a3702e167783a9213db10ad29650ebf383946e91bc77f28a5eb083496bc9",
                "sha256:95ef04cf2e5ba0ab9eaafc4a11eaae91b44f4ef5541acd2ee91d9108d00d59a7",
                "sha256:ad81425efc5e75da3f39b3e636293360ad8d0b49bed7df824c79764fb4ba9b8b",
                "sha256:b403da1df4d6d43973dc004d19cee3b848e998ae3154cc8097d139b77156c353",
                "sha256:bc31fa00f1fbc3c3802141eede66f3a2d51d89716a194bf2cd6fc68310a19880",
                "sha256:bd0d69cee829226a761e92f28140bec9a5ee9d5b4fb4b0cc589068dbfff559b1",
                "sha256:c525ffa774fe4496282fb0b1187725793de3e7c6b29e41562733cae9ada151ee",
                "sha256:f39c2c19fe824b47484b96f9692932248a54c43799a84282cfe58d05a6449efd",
                "sha256:fac9cd332c67f4422504297889da5ab7e05fd11e3c4392140f7370f4208ded1f"
            ],
            "index": "pypi",
            "markers": "python_version >= '3.6'",
            "version": "==7.1.3"
        },
        "pyclipper": {
            "hashes": [
                "sha256:04214d23cf79f4ddcde36e299dea9f23f07abb88fa47ef399bf0e819438bbefd",
                "sha256:106b8622cd9fb07d80cbf9b1d752334c55839203bae962376a8c59087788af26",
                "sha256:16cc1705a915896d2aff52131c427df02265631279eac849ebda766432714cc0",
                "sha256:188fbfd1d30d02247f92c25ce856f5f3c75d841251f43367dbcf10935bc48f38",
                "sha256:1c03f1ae43b18ee07730c3c774cc3cf88a10c12a4b097239b33365ec24a0a14a",
                "sha256:1fd56855ca92fa7eb0d8a71cf3a24b80b9724c8adcc89b385bbaa8924e620156",
                "sha256:2737df106b8487103916147fe30f887aff439d9f2bd2f67c9d9b5c13eac88ccf",
                "sha256:28bb590ae79e6beb15794eaee12b6f1d769589572d33e494faf5aa3b1f31b9fa",
                "sha256:2e257009030815853528ba4b2ef7fb7e172683a3f4255a63f00bde34cfab8b58",
                "sha256:32cd7fb9c1c893eb87f82a072dbb5e26224ea7cebbad9dc306d67e1ac62dd229",
                "sha256:33ab72260f144693e1f7735e93276c3031e1ed243a207eff1f8b98c7162ba22c",
                "sha256:3404dfcb3415eee863564b5f49be28a8c7fb99ad5e31c986bcc33c8d47d97df7",
                "sha256:383f3433b968f2e4b0843f338c1f63b85392b6e1d936de722e8c5d4f577dbff5",
                "sha256:3d58202de8b8da4d1559afbda4e90a8c260a5373672b6d7bc5448c4614385144",
                "sha256:3e5e65176506da6335f6cbab497ae1a29772064467fa69f66de6bab4b6304d34",
                "sha256:42bff0102fa7a7f2abdd795a2594654d62b786d0c6cd67b72d469114fdeb608c",
                "sha256:47a214f201ff930595a30649c2a063f78baa3a8f52e1f38da19f7930c90ed80c",
                "sha256:48dd55fbd55f63902cad511432ec332368cbbbc1dd2110c0c6c1e9edd735713a",
                "sha256:491ec1bfd2ee3013269c2b652dde14a85539480e0fb82f89bb12198fa59fff82",
                "sha256:58eae2ff92a8cae1331568df076c4c5775bf946afab0068b217f0cf8e188eb3c",
                "sha256:5c9c80b5c46eef38ba3f12dd818dc87f5f2a0853ba914b6f91b133232315f526",
                "sha256:6363b9d79ba1b5d8f32d1623e797c1e9f994600943402e68d5266067bdde173e",
                "sha256:640f20975727994d4abacd07396f564e9e5665ba5cb66ceb36b300c281f84fa4",
                "sha256:6893f9b701f3132d86018594d99b724200b937a3a3ddfe1be0432c4ff0284e6e",
                "sha256:793b0aa54b914257aa7dc76b793dd4dcfb3c84011d48df7e41ba02b571616eaf",
                "sha256:851b3e58106c62a5534a1201295fe20c21714dee2eda68081b37ddb0367e6caa",
                "sha256:903176952a159c4195b8be55e597978e24804c838c7a9b12024c39704d341f72",
                "sha256:9699e98862dadefd0bea2360c31fa61ca553c660cbf6fb44993acde1b959f58f",
                "sha256:9cbdc517e75e647aa9bf6e356b3a3d2e3af344f82af38e36031eb46ba0ab5425",
                "sha256:a01f182d8938c1dc515e8508ed2442f7eebd2c25c7d5cb29281f583c1a8008a4",
                "sha256:a63002f6bb0f1efa87c0b81634cbb571066f237067e23707dabf746306c92ba5",
                "sha256:aa0e7268f8ceba218964bc3a482a5e9d32e352e8c3538b03f69a6b3db979078d",
                "sha256:aa604f8665ade434f9eafcd23f89435057d5d09427dfb4554c5e6d19f6d8aa1a",
                "sha256:ace1f0753cf71c5c5f6488b8feef5dd0fa8b976ad86b24bb51f708f513df4aac",
                "sha256:b15113ec4fc423b58e9ae80aa95cf5a0802f02d8f02a98a46af3d7d66ff0cc0e",
                "sha256:c05ae2ea878fdfa31dd375326f6191b03de98a9602cc9c2b6d4ff960b20a974c",
                "sha256:c4247e7c44b34c87acbf38f99d48fb1acaf5da4a2cf4dcd601a9b24d431be4ef",
                "sha256:c92e41301a8f25f9adcd90954512038ed5f774a2b8c04a4a9db261b78ff75e3a",
                "sha256:cf0a535cfa02b207435928e991c60389671fe1ea1dfae79170973f82f52335b2",
                "sha256:cf5ca2b9358d30a395ac6e14b3154a9fd1f9b557ad7153ea15cf697e88d07ce1",
                "sha256:d3f9da96f83b8892504923beb21a481cd4516c19be1d39eb57a92ef1c9a29548",
                "sha256:d6d129d0c2587f2f5904d201a4021f859afbb45fada4261c9fdedb2205b09d23",
                "sha256:dbc828641667142751b1127fd5c4291663490cf05689c85be4c5bcc89aaa236a",
                "sha256:e2cd8600bd16d209d5d45a33b45c278e1cc8bedc169af1a1f2187b581c521395",
                "sha256:e3aab10e3c10ed8fa60c608fb87c040089b83325c937f98f06450cf9fcfdaf1d",
                "sha256:e5ff68fa770ac654c7974fc78792978796f068bd274e95930c0691c31e192889",
                "sha256:ed6e50c6e87ed190141573615d54118869bd63e9cd91ca5660d2ca926bf25110",
                "sha256:f129284d2c7bcd213d11c0f35e1ae506a1144ce4954e9d1734d63b120b0a1b58",
                "sha256:fa0f5e78cfa8262277bb3d0225537b3c2a90ef68fd90a229d5d24cf49955dcf4",
                "sha256:fb1e52cf4ee0a9fa8b2254ed589cc51b0c989efc58fa8804289aca94a21253f7"
            ],
            "version": "==1.3.0.post6"
        },
        "tqdm": {
            "hashes": [
                "sha256:26445eca388f82e72884e0d580d5464cd801a3ea01e63e5601bdff9ba6a48de2",
                "sha256:f8aef9c52c08c13a65f30ea34f4e5aac3fd1a34959879d7e59e63027286627f2"
            ],
            "markers": "python_version >= '3.7'",
            "version": "==4.67.1"
        },
        "ufonormalizer": {
            "hashes": [
                "sha256:09015963e0fec72ca96f2128bcace869990dead40e8f4872a02a014d2a2f024f",
                "sha256:c3271097aba9d290594b75c2b432cf681088b74fe3eb334ca4319324e2bddd4e"
            ],
            "markers": "python_version >= '3.6'",
            "version": "==0.6.3"
        },
        "ufoprocessor": {
            "hashes": [
                "sha256:bfb5521dae1d25181d0514d786d5a515d1f17bb3f097e253c9c53b3187cb21f7",
                "sha256:fd38d3cc359b94171ba8d3fdc1e4defde2206acef4f97d75b48503bb8ac03b01"
            ],
            "markers": "python_version >= '2.7'",
            "version": "==1.14.1"
        },
        "zopfli": {
            "hashes": [
                "sha256:03181d48e719fcb6cf8340189c61e8f9883d8bbbdf76bf5212a74457f7d083c1",
                "sha256:18b5f1570f64d4988482e4466f10ef5f2a30f687c19ad62a64560f2152dc89eb",
                "sha256:25e4863b8dc30e5d5309f87c106b0b7d3da4ed0e340b8a52b36d4471e797589f",
                "sha256:7d66337be6d5613dec55213e9ac28f378c41e2cc04fbad4a10748e4df774ca85",
                "sha256:9097e8e1dfdb7f5aea5464e469946857e80502b6d29ba1b232450916bd4a74d1",
                "sha256:a8ee992b2549e090cd3f0178bf606dd41a29e0613a04cdf5054224662c72dce6",
                "sha256:b72a010d205d00b2855acc2302772067362f9ab5a012e3550662aec60d28e6b3",
                "sha256:b8bdb41fbfdc4738b7bdc09ed7c1e951579fae192391a5e694d59bb186cdbec7",
                "sha256:c3ba02a9a6ca90481d2b2f68bab038b310d63a1e3b5ae305e95a6599787ed941",
                "sha256:d1b98ad47c434ef213444a03ef2f826eeec100144d64f6a57504b9893d3931ce",
                "sha256:f67d04280065e24cb9a4174cb6b3d1f763687f8cb2963aa135ad8f57c6995f5a",
                "sha256:f94e4dd7d76b4fe9f5d9229372be20d7f786164eea5152d1af1c34298c3d5975"
            ],
            "markers": "python_version >= '3.10'",
            "version": "==0.4.0"
        }
    },
    "develop": {}
}
